<Solution>

  <!-- Reference assembly projects -->
  <Folder Name="/ref/Synthiq.Etcd.Client/">
    <Project Path="Synthiq.Etcd.Client/ref/Synthiq.Etcd.Client.csproj" />
  </Folder>
  <Folder Name="/ref/Synthiq.Etcd.Client.Core/">
    <Project Path="Synthiq.Etcd.Client.Core/ref/Synthiq.Etcd.Client.Core.csproj" />
  </Folder>
  <Folder Name="/ref/Synthiq.Etcd.Client.Transport.Grpc/">
    <Project Path="Synthiq.Etcd.Client.Transport.Grpc/ref/Synthiq.Etcd.Client.Transport.Grpc.csproj" />
  </Folder>
  <Folder Name="/ref/Synthiq.Etcd.Client.Transport.Http/">
    <Project Path="Synthiq.Etcd.Client.Transport.Http/ref/Synthiq.Etcd.Client.Transport.Http.csproj" />
  </Folder>

  <!-- Source projects -->
  <Folder Name="/source/Synthiq.Etcd.Client/">
    <Project Path="Synthiq.Etcd.Client/source/Synthiq.Etcd.Client.csproj" />
  </Folder>
  <Folder Name="/source/Synthiq.Etcd.Client.Core/">
    <Project Path="Synthiq.Etcd.Client.Core/source/Synthiq.Etcd.Client.Core.csproj" />
  </Folder>
  <Folder Name="/source/Synthiq.Etcd.Client.Transport.Grpc/">
    <Project Path="Synthiq.Etcd.Client.Transport.Grpc/source/Synthiq.Etcd.Client.Transport.Grpc.csproj" />
  </Folder>
  <Folder Name="/source/Synthiq.Etcd.Client.Transport.Http/">
    <Project Path="Synthiq.Etcd.Client.Transport.Http/source/Synthiq.Etcd.Client.Transport.Http.csproj" />
  </Folder>

  <!-- Test projects -->
  <Folder Name="/tests/Synthiq.Etcd.Client/">
    <Project Path="Synthiq.Etcd.Client/tests/integration/Synthiq.Etcd.Client.IntegrationTests.csproj" />
    <Project Path="Synthiq.Etcd.Client/tests/unit/Synthiq.Etcd.Client.UnitTests.csproj" />
  </Folder>
  <Folder Name="/tests/Synthiq.Etcd.Client.Core/">
    <Project Path="Synthiq.Etcd.Client.Core/tests/Synthiq.Etcd.Client.Core.Tests.csproj" />
  </Folder>
  <Folder Name="/tests/Synthiq.Etcd.Client.Transport.Grpc/">
    <Project Path="Synthiq.Etcd.Client.Transport.Grpc/tests/Synthiq.Etcd.Client.Transport.Grpc.Tests.csproj" />
  </Folder>
  <Folder Name="/tests/Synthiq.Etcd.Client.Transport.Http/">
    <Project Path="Synthiq.Etcd.Client.Transport.Http/tests/Synthiq.Etcd.Client.Transport.Http.Tests.csproj" />
  </Folder>

</Solution>
