{
  "version": 2,
  "dependencies": {
    "net8.0": {
      "DotNet.ReproducibleBuilds": {
        "type": "Direct",
        "requested": "[1.2.25, 1.2.25]",
        "resolved": "1.2.25",
        "contentHash": "xCXiw7BCxHJ8pF6wPepRUddlh2dlQlbr81gXA72hdk4FLHkKXas7EH/n+fk5UCA/YfMqG1Z6XaPiUjDbUNBUzg=="
      },
      "Microsoft.DotNet.ApiCompat.Task": {
        "type": "Direct",
        "requested": "[9.0.305, 9.0.305]",
        "resolved": "9.0.305",
        "contentHash": "P+J5LCzOi6bTeLfVkscTuhd7OC/PTKKclmIpnGGpxo93hLrW6Z/p7U3QJNYMlCJQkY1/jjtvzfYpyj5PlxzjTQ=="
      },
      "Microsoft.VisualStudio.Threading.Analyzers": {
        "type": "Direct",
        "requested": "[17.14.15, 17.14.15]",
        "resolved": "17.14.15",
        "contentHash": "mXQPJsbuUD2ydq4/ffd8h8tSOFCXec+2xJOVNCvXjuMOq/+5EKHq3D2m2MC2+nUaXeFMSt66VS/J4HdKBixgcw=="
      }
    },
    "net9.0": {
      "DotNet.ReproducibleBuilds": {
        "type": "Direct",
        "requested": "[1.2.25, 1.2.25]",
        "resolved": "1.2.25",
        "contentHash": "xCXiw7BCxHJ8pF6wPepRUddlh2dlQlbr81gXA72hdk4FLHkKXas7EH/n+fk5UCA/YfMqG1Z6XaPiUjDbUNBUzg=="
      },
      "Microsoft.DotNet.ApiCompat.Task": {
        "type": "Direct",
        "requested": "[9.0.305, 9.0.305]",
        "resolved": "9.0.305",
        "contentHash": "P+J5LCzOi6bTeLfVkscTuhd7OC/PTKKclmIpnGGpxo93hLrW6Z/p7U3QJNYMlCJQkY1/jjtvzfYpyj5PlxzjTQ=="
      },
      "Microsoft.VisualStudio.Threading.Analyzers": {
        "type": "Direct",
        "requested": "[17.14.15, 17.14.15]",
        "resolved": "17.14.15",
        "contentHash": "mXQPJsbuUD2ydq4/ffd8h8tSOFCXec+2xJOVNCvXjuMOq/+5EKHq3D2m2MC2+nUaXeFMSt66VS/J4HdKBixgcw=="
      }
    }
  }
}